Microsoft Visual Studio Solution File, Format Version 12.00
# Visual Studio Version 17
VisualStudioVersion = 17.0.31912.275
MinimumVisualStudioVersion = 15.0.26124.0
Project("{2150E333-8FDC-42A3-9474-1A3956D46DE8}") = "src", "src", "{241AF8B6-38D7-4761-AC45-48E8D60C73E7}"
EndProject
Project("{9A19103F-16F7-4668-BE54-9A1E7A4F7556}") = "Desafio.Umbler", "src\Desafio.Umbler\Desafio.Umbler.csproj", "{AB53484F-8170-46D1-A0F6-254EDAFDA9DA}"
	ProjectSection(ProjectDependencies) = postProject
		{757042C7-9FFA-49A3-BD27-ECA92FD472C0} = {757042C7-9FFA-49A3-BD27-ECA92FD472C0}
		{B85B5FE8-AD5F-4F9C-B021-32CB01C3F36B} = {B85B5FE8-AD5F-4F9C-B021-32CB01C3F36B}
	EndProjectSection
EndProject
Project("{9A19103F-16F7-4668-BE54-9A1E7A4F7556}") = "Desafio.Umbler.Test", "src\Desafio.Umbler.Test\Desafio.Umbler.Test.csproj", "{B5212D4A-EC08-4FAF-9BF3-856B2EF7C467}"
EndProject
Project("{9A19103F-16F7-4668-BE54-9A1E7A4F7556}") = "Desafio.Umbler.Dominio", "src\Desafio.Umbler.Dominio\Desafio.Umbler.Dominio.csproj", "{B85B5FE8-AD5F-4F9C-B021-32CB01C3F36B}"
EndProject
Project("{9A19103F-16F7-4668-BE54-9A1E7A4F7556}") = "Desafio.Umbler.Infra.Data", "src\Desafio.Umbler.Infra.Data\Desafio.Umbler.Infra.Data.csproj", "{5E1D899B-28EF-424D-A3CE-A576246B1DC3}"
EndProject
Project("{9A19103F-16F7-4668-BE54-9A1E7A4F7556}") = "Desafio.Umbler.Repository", "src\Desafio.Umbler.Repository\Desafio.Umbler.Repository.csproj", "{85F9DE7C-2B49-44E2-ADD5-D1E86CE1F89C}"
EndProject
Project("{9A19103F-16F7-4668-BE54-9A1E7A4F7556}") = "Desafio.Umbler.Service", "src\Desafio.Umbler.Service\Desafio.Umbler.Service.csproj", "{757042C7-9FFA-49A3-BD27-ECA92FD472C0}"
EndProject
Global
	GlobalSection(SolutionConfigurationPlatforms) = preSolution
		Debug|Any CPU = Debug|Any CPU
		Debug|x64 = Debug|x64
		Debug|x86 = Debug|x86
		Release|Any CPU = Release|Any CPU
		Release|x64 = Release|x64
		Release|x86 = Release|x86
	EndGlobalSection
	GlobalSection(ProjectConfigurationPlatforms) = postSolution
		{AB53484F-8170-46D1-A0F6-254EDAFDA9DA}.Debug|Any CPU.ActiveCfg = Debug|Any CPU
		{AB53484F-8170-46D1-A0F6-254EDAFDA9DA}.Debug|Any CPU.Build.0 = Debug|Any CPU
		{AB53484F-8170-46D1-A0F6-254EDAFDA9DA}.Debug|x64.ActiveCfg = Debug|Any CPU
		{AB53484F-8170-46D1-A0F6-254EDAFDA9DA}.Debug|x64.Build.0 = Debug|Any CPU
		{AB53484F-8170-46D1-A0F6-254EDAFDA9DA}.Debug|x86.ActiveCfg = Debug|Any CPU
		{AB53484F-8170-46D1-A0F6-254EDAFDA9DA}.Debug|x86.Build.0 = Debug|Any CPU
		{AB53484F-8170-46D1-A0F6-254EDAFDA9DA}.Release|Any CPU.ActiveCfg = Release|Any CPU
		{AB53484F-8170-46D1-A0F6-254EDAFDA9DA}.Release|Any CPU.Build.0 = Release|Any CPU
		{AB53484F-8170-46D1-A0F6-254EDAFDA9DA}.Release|x64.ActiveCfg = Release|Any CPU
		{AB53484F-8170-46D1-A0F6-254EDAFDA9DA}.Release|x64.Build.0 = Release|Any CPU
		{AB53484F-8170-46D1-A0F6-254EDAFDA9DA}.Release|x86.ActiveCfg = Release|Any CPU
		{AB53484F-8170-46D1-A0F6-254EDAFDA9DA}.Release|x86.Build.0 = Release|Any CPU
		{B5212D4A-EC08-4FAF-9BF3-856B2EF7C467}.Debug|Any CPU.ActiveCfg = Debug|Any CPU
		{B5212D4A-EC08-4FAF-9BF3-856B2EF7C467}.Debug|Any CPU.Build.0 = Debug|Any CPU
		{B5212D4A-EC08-4FAF-9BF3-856B2EF7C467}.Debug|x64.ActiveCfg = Debug|Any CPU
		{B5212D4A-EC08-4FAF-9BF3-856B2EF7C467}.Debug|x64.Build.0 = Debug|Any CPU
		{B5212D4A-EC08-4FAF-9BF3-856B2EF7C467}.Debug|x86.ActiveCfg = Debug|Any CPU
		{B5212D4A-EC08-4FAF-9BF3-856B2EF7C467}.Debug|x86.Build.0 = Debug|Any CPU
		{B5212D4A-EC08-4FAF-9BF3-856B2EF7C467}.Release|Any CPU.ActiveCfg = Release|Any CPU
		{B5212D4A-EC08-4FAF-9BF3-856B2EF7C467}.Release|Any CPU.Build.0 = Release|Any CPU
		{B5212D4A-EC08-4FAF-9BF3-856B2EF7C467}.Release|x64.ActiveCfg = Release|Any CPU
		{B5212D4A-EC08-4FAF-9BF3-856B2EF7C467}.Release|x64.Build.0 = Release|Any CPU
		{B5212D4A-EC08-4FAF-9BF3-856B2EF7C467}.Release|x86.ActiveCfg = Release|Any CPU
		{B5212D4A-EC08-4FAF-9BF3-856B2EF7C467}.Release|x86.Build.0 = Release|Any CPU
		{B85B5FE8-AD5F-4F9C-B021-32CB01C3F36B}.Debug|Any CPU.ActiveCfg = Debug|Any CPU
		{B85B5FE8-AD5F-4F9C-B021-32CB01C3F36B}.Debug|Any CPU.Build.0 = Debug|Any CPU
		{B85B5FE8-AD5F-4F9C-B021-32CB01C3F36B}.Debug|x64.ActiveCfg = Debug|Any CPU
		{B85B5FE8-AD5F-4F9C-B021-32CB01C3F36B}.Debug|x64.Build.0 = Debug|Any CPU
		{B85B5FE8-AD5F-4F9C-B021-32CB01C3F36B}.Debug|x86.ActiveCfg = Debug|Any CPU
		{B85B5FE8-AD5F-4F9C-B021-32CB01C3F36B}.Debug|x86.Build.0 = Debug|Any CPU
		{B85B5FE8-AD5F-4F9C-B021-32CB01C3F36B}.Release|Any CPU.ActiveCfg = Release|Any CPU
		{B85B5FE8-AD5F-4F9C-B021-32CB01C3F36B}.Release|Any CPU.Build.0 = Release|Any CPU
		{B85B5FE8-AD5F-4F9C-B021-32CB01C3F36B}.Release|x64.ActiveCfg = Release|Any CPU
		{B85B5FE8-AD5F-4F9C-B021-32CB01C3F36B}.Release|x64.Build.0 = Release|Any CPU
		{B85B5FE8-AD5F-4F9C-B021-32CB01C3F36B}.Release|x86.ActiveCfg = Release|Any CPU
		{B85B5FE8-AD5F-4F9C-B021-32CB01C3F36B}.Release|x86.Build.0 = Release|Any CPU
		{5E1D899B-28EF-424D-A3CE-A576246B1DC3}.Debug|Any CPU.ActiveCfg = Debug|Any CPU
		{5E1D899B-28EF-424D-A3CE-A576246B1DC3}.Debug|Any CPU.Build.0 = Debug|Any CPU
		{5E1D899B-28EF-424D-A3CE-A576246B1DC3}.Debug|x64.ActiveCfg = Debug|Any CPU
		{5E1D899B-28EF-424D-A3CE-A576246B1DC3}.Debug|x64.Build.0 = Debug|Any CPU
		{5E1D899B-28EF-424D-A3CE-A576246B1DC3}.Debug|x86.ActiveCfg = Debug|Any CPU
		{5E1D899B-28EF-424D-A3CE-A576246B1DC3}.Debug|x86.Build.0 = Debug|Any CPU
		{5E1D899B-28EF-424D-A3CE-A576246B1DC3}.Release|Any CPU.ActiveCfg = Release|Any CPU
		{5E1D899B-28EF-424D-A3CE-A576246B1DC3}.Release|Any CPU.Build.0 = Release|Any CPU
		{5E1D899B-28EF-424D-A3CE-A576246B1DC3}.Release|x64.ActiveCfg = Release|Any CPU
		{5E1D899B-28EF-424D-A3CE-A576246B1DC3}.Release|x64.Build.0 = Release|Any CPU
		{5E1D899B-28EF-424D-A3CE-A576246B1DC3}.Release|x86.ActiveCfg = Release|Any CPU
		{5E1D899B-28EF-424D-A3CE-A576246B1DC3}.Release|x86.Build.0 = Release|Any CPU
		{85F9DE7C-2B49-44E2-ADD5-D1E86CE1F89C}.Debug|Any CPU.ActiveCfg = Debug|Any CPU
		{85F9DE7C-2B49-44E2-ADD5-D1E86CE1F89C}.Debug|Any CPU.Build.0 = Debug|Any CPU
		{85F9DE7C-2B49-44E2-ADD5-D1E86CE1F89C}.Debug|x64.ActiveCfg = Debug|Any CPU
		{85F9DE7C-2B49-44E2-ADD5-D1E86CE1F89C}.Debug|x64.Build.0 = Debug|Any CPU
		{85F9DE7C-2B49-44E2-ADD5-D1E86CE1F89C}.Debug|x86.ActiveCfg = Debug|Any CPU
		{85F9DE7C-2B49-44E2-ADD5-D1E86CE1F89C}.Debug|x86.Build.0 = Debug|Any CPU
		{85F9DE7C-2B49-44E2-ADD5-D1E86CE1F89C}.Release|Any CPU.ActiveCfg = Release|Any CPU
		{85F9DE7C-2B49-44E2-ADD5-D1E86CE1F89C}.Release|Any CPU.Build.0 = Release|Any CPU
		{85F9DE7C-2B49-44E2-ADD5-D1E86CE1F89C}.Release|x64.ActiveCfg = Release|Any CPU
		{85F9DE7C-2B49-44E2-ADD5-D1E86CE1F89C}.Release|x64.Build.0 = Release|Any CPU
		{85F9DE7C-2B49-44E2-ADD5-D1E86CE1F89C}.Release|x86.ActiveCfg = Release|Any CPU
		{85F9DE7C-2B49-44E2-ADD5-D1E86CE1F89C}.Release|x86.Build.0 = Release|Any CPU
		{757042C7-9FFA-49A3-BD27-ECA92FD472C0}.Debug|Any CPU.ActiveCfg = Debug|Any CPU
		{757042C7-9FFA-49A3-BD27-ECA92FD472C0}.Debug|Any CPU.Build.0 = Debug|Any CPU
		{757042C7-9FFA-49A3-BD27-ECA92FD472C0}.Debug|x64.ActiveCfg = Debug|Any CPU
		{757042C7-9FFA-49A3-BD27-ECA92FD472C0}.Debug|x64.Build.0 = Debug|Any CPU
		{757042C7-9FFA-49A3-BD27-ECA92FD472C0}.Debug|x86.ActiveCfg = Debug|Any CPU
		{757042C7-9FFA-49A3-BD27-ECA92FD472C0}.Debug|x86.Build.0 = Debug|Any CPU
		{757042C7-9FFA-49A3-BD27-ECA92FD472C0}.Release|Any CPU.ActiveCfg = Release|Any CPU
		{757042C7-9FFA-49A3-BD27-ECA92FD472C0}.Release|Any CPU.Build.0 = Release|Any CPU
		{757042C7-9FFA-49A3-BD27-ECA92FD472C0}.Release|x64.ActiveCfg = Release|Any CPU
		{757042C7-9FFA-49A3-BD27-ECA92FD472C0}.Release|x64.Build.0 = Release|Any CPU
		{757042C7-9FFA-49A3-BD27-ECA92FD472C0}.Release|x86.ActiveCfg = Release|Any CPU
		{757042C7-9FFA-49A3-BD27-ECA92FD472C0}.Release|x86.Build.0 = Release|Any CPU
	EndGlobalSection
	GlobalSection(SolutionProperties) = preSolution
		HideSolutionNode = FALSE
	EndGlobalSection
	GlobalSection(NestedProjects) = preSolution
		{AB53484F-8170-46D1-A0F6-254EDAFDA9DA} = {241AF8B6-38D7-4761-AC45-48E8D60C73E7}
		{B5212D4A-EC08-4FAF-9BF3-856B2EF7C467} = {241AF8B6-38D7-4761-AC45-48E8D60C73E7}
		{B85B5FE8-AD5F-4F9C-B021-32CB01C3F36B} = {241AF8B6-38D7-4761-AC45-48E8D60C73E7}
		{5E1D899B-28EF-424D-A3CE-A576246B1DC3} = {241AF8B6-38D7-4761-AC45-48E8D60C73E7}
		{85F9DE7C-2B49-44E2-ADD5-D1E86CE1F89C} = {241AF8B6-38D7-4761-AC45-48E8D60C73E7}
		{757042C7-9FFA-49A3-BD27-ECA92FD472C0} = {241AF8B6-38D7-4761-AC45-48E8D60C73E7}
	EndGlobalSection
	GlobalSection(ExtensibilityGlobals) = postSolution
		SolutionGuid = {98EF7103-B2B5-4C41-95C1-867823FB313B}
	EndGlobalSection
EndGlobal
